
Microsoft Visual Studio Solution File, Format Version 12.00
# Visual Studio Version 17
VisualStudioVersion = 17.5.002.0
MinimumVisualStudioVersion = 10.0.40219.1
Project("{9A19103F-16F7-4668-BE54-9A1E7A4F7556}") = "OOP_Kelompok2", "OOP_Kelompok2.csproj", "{F7E108A2-C9C1-44C6-8A1A-1F0F93A27FF8}"
EndProject
Global
	GlobalSection(SolutionConfigurationPlatforms) = preSolution
		Debug|Any CPU = Debug|Any CPU
		Release|Any CPU = Release|Any CPU
	EndGlobalSection
	GlobalSection(ProjectConfigurationPlatforms) = postSolution
		{F7E108A2-C9C1-44C6-8A1A-1F0F93A27FF8}.Debug|Any CPU.ActiveCfg = Debug|Any CPU
		{F7E108A2-C9C1-44C6-8A1A-1F0F93A27FF8}.Debug|Any CPU.Build.0 = Debug|Any CPU
		{F7E108A2-C9C1-44C6-8A1A-1F0F93A27FF8}.Release|Any CPU.ActiveCfg = Release|Any CPU
		{F7E108A2-C9C1-44C6-8A1A-1F0F93A27FF8}.Release|Any CPU.Build.0 = Release|Any CPU
	EndGlobalSection
	GlobalSection(SolutionProperties) = preSolution
		HideSolutionNode = FALSE
	EndGlobalSection
	GlobalSection(ExtensibilityGlobals) = postSolution
		SolutionGuid = {A90AA31F-7B94-47F7-BE01-89A407855510}
	EndGlobalSection
EndGlobal
